{
  "version": 4,
  "terraform_version": "1.1.9",
  "serial": 119,
  "lineage": "ff326e13-951d-dad7-3fe9-7bfaf8a2b030",
  "outputs": {},
  "resources": [
    {
      "mode": "data",
      "type": "aws_ami",
      "name": "ubuntu",
      "provider": "provider[\"registry.terraform.io/hashicorp/aws\"]",
      "instances": [
        {
          "schema_version": 0,
          "attributes": {
            "architecture": "x86_64",
            "arn": "arn:aws:ec2:ap-south-1::image/ami-0ce2988e9a17c2a39",
            "block_device_mappings": [
              {
                "device_name": "/dev/sda1",
                "ebs": {
                  "delete_on_termination": "true",
                  "encrypted": "false",
                  "iops": "0",
                  "snapshot_id": "snap-0286c8ec3ecbb51a1",
                  "throughput": "0",
                  "volume_size": "8",
                  "volume_type": "gp2"
                },
                "no_device": "",
                "virtual_name": ""
              },
              {
                "device_name": "/dev/sdb",
                "ebs": {},
                "no_device": "",
                "virtual_name": "ephemeral0"
              },
              {
                "device_name": "/dev/sdc",
                "ebs": {},
                "no_device": "",
                "virtual_name": "ephemeral1"
              }
            ],
            "boot_mode": "",
            "creation_date": "2022-05-24T02:07:00.000Z",
            "deprecation_time": "2024-05-24T02:07:00.000Z",
            "description": "Canonical, Ubuntu, 20.04 LTS, amd64 focal image build on 2022-05-23",
            "ena_support": true,
            "executable_users": null,
            "filter": [
              {
                "name": "name",
                "values": [
                  "ubuntu/images/hvm-ssd/ubuntu-focal-20.04-amd64-server-*"
                ]
              },
              {
                "name": "virtualization-type",
                "values": [
                  "hvm"
                ]
              }
            ],
            "hypervisor": "xen",
            "id": "ami-0ce2988e9a17c2a39",
            "image_id": "ami-0ce2988e9a17c2a39",
            "image_location": "099720109477/ubuntu/images/hvm-ssd/ubuntu-focal-20.04-amd64-server-20220523",
            "image_owner_alias": "",
            "image_type": "machine",
            "kernel_id": "",
            "most_recent": true,
            "name": "ubuntu/images/hvm-ssd/ubuntu-focal-20.04-amd64-server-20220523",
            "name_regex": null,
            "owner_id": "099720109477",
            "owners": [
              "099720109477"
            ],
            "platform": "",
            "platform_details": "Linux/UNIX",
            "product_codes": [],
            "public": true,
            "ramdisk_id": "",
            "root_device_name": "/dev/sda1",
            "root_device_type": "ebs",
            "root_snapshot_id": "snap-0286c8ec3ecbb51a1",
            "sriov_net_support": "simple",
            "state": "available",
            "state_reason": {
              "code": "UNSET",
              "message": "UNSET"
            },
            "tags": {},
            "tpm_support": "",
            "usage_operation": "RunInstances",
            "virtualization_type": "hvm"
          },
          "sensitive_attributes": []
        }
      ]
    },
    {
      "mode": "data",
      "type": "aws_availability_zones",
      "name": "all",
      "provider": "provider[\"registry.terraform.io/hashicorp/aws\"]",
      "instances": [
        {
          "schema_version": 0,
          "attributes": {
            "all_availability_zones": null,
            "exclude_names": null,
            "exclude_zone_ids": null,
            "filter": null,
            "group_names": [
              "ap-south-1"
            ],
            "id": "ap-south-1",
            "names": [
              "ap-south-1a",
              "ap-south-1b",
              "ap-south-1c"
            ],
            "state": null,
            "zone_ids": [
              "aps1-az1",
              "aps1-az3",
              "aps1-az2"
            ]
          },
          "sensitive_attributes": []
        }
      ]
    },
    {
      "mode": "data",
      "type": "aws_subnets",
      "name": "ids",
      "provider": "provider[\"registry.terraform.io/hashicorp/aws\"]",
      "instances": [
        {
          "schema_version": 0,
          "attributes": {
            "filter": [
              {
                "name": "vpc-id",
                "values": [
                  "vpc-0e09a13a0a8fc173c"
                ]
              }
            ],
            "id": "ap-south-1",
            "ids": [],
            "tags": null
          },
          "sensitive_attributes": []
        }
      ]
    },
    {
      "mode": "managed",
      "type": "aws_autoscaling_group",
      "name": "auto_scaling",
      "provider": "provider[\"registry.terraform.io/hashicorp/aws\"]",
      "instances": [
        {
          "schema_version": 0,
          "attributes": {
            "arn": "arn:aws:autoscaling:ap-south-1:033746436249:autoScalingGroup:5486914a-ac69-4626-a0a4-d6b4ee1b7844:autoScalingGroupName/auto",
            "availability_zones": [
              "ap-south-1a",
              "ap-south-1b",
              "ap-south-1c"
            ],
            "capacity_rebalance": false,
            "context": "",
            "default_cooldown": 300,
            "desired_capacity": 2,
            "enabled_metrics": [],
            "force_delete": true,
            "force_delete_warm_pool": false,
            "health_check_grace_period": 10,
            "health_check_type": "ELB",
            "id": "auto",
            "initial_lifecycle_hook": [],
            "instance_refresh": [],
            "launch_configuration": "LC20220601091511401000000001",
            "launch_template": [],
            "load_balancers": [],
            "max_instance_lifetime": 0,
            "max_size": 3,
            "metrics_granularity": "1Minute",
            "min_elb_capacity": null,
            "min_size": 2,
            "mixed_instances_policy": [],
            "name": "auto",
            "name_prefix": "",
            "placement_group": "",
            "protect_from_scale_in": false,
            "service_linked_role_arn": "arn:aws:iam::033746436249:role/aws-service-role/autoscaling.amazonaws.com/AWSServiceRoleForAutoScaling",
            "suspended_processes": [],
            "tag": [
              {
                "key": "Name",
                "propagate_at_launch": false,
                "value": "AUTO"
              },
              {
                "key": "Name",
                "propagate_at_launch": true,
                "value": "AUTO"
              }
            ],
            "tags": null,
            "target_group_arns": [],
            "termination_policies": [],
            "timeouts": {
              "delete": "10s",
              "update": null
            },
            "vpc_zone_identifier": [
              "subnet-01580a07e705fca59",
              "subnet-03addf4d2461926fa",
              "subnet-0c4cd5c2267d4935d"
            ],
            "wait_for_capacity_timeout": "10m",
            "wait_for_elb_capacity": null,
            "warm_pool": []
          },
          "sensitive_attributes": [],
          "private": "eyJlMmJmYjczMC1lY2FhLTExZTYtOGY4OC0zNDM2M2JjN2M0YzAiOnsiZGVsZXRlIjoxMDAwMDAwMDAwMCwidXBkYXRlIjo2MDAwMDAwMDAwMDB9fQ==",
          "dependencies": [
            "aws_launch_configuration.LC"
          ]
        }
      ]
    },
    {
      "mode": "managed",
      "type": "aws_autoscalingplans_scaling_plan",
      "name": "example",
      "provider": "provider[\"registry.terraform.io/hashicorp/aws\"]",
      "instances": [
        {
          "schema_version": 0,
          "attributes": {
            "application_source": [
              {
                "cloudformation_stack_arn": "",
                "tag_filter": [
                  {
                    "key": "Name",
                    "values": [
                      "auto"
                    ]
                  }
                ]
              }
            ],
            "id": "Metrix/1",
            "name": "Metrix",
            "scaling_instruction": [
              {
                "customized_load_metric_specification": [],
                "disable_dynamic_scaling": false,
                "max_capacity": 3,
                "min_capacity": 2,
                "predefined_load_metric_specification": [],
                "predictive_scaling_max_capacity_behavior": "",
                "predictive_scaling_max_capacity_buffer": 0,
                "predictive_scaling_mode": "",
                "resource_id": "autoScalingGroup/auto",
                "scalable_dimension": "autoscaling:autoScalingGroup:DesiredCapacity",
                "scaling_policy_update_behavior": "KeepExternalPolicies",
                "scheduled_action_buffer_time": 0,
                "service_namespace": "autoscaling",
                "target_tracking_configuration": [
                  {
                    "customized_scaling_metric_specification": [],
                    "disable_scale_in": false,
                    "estimated_instance_warmup": 10,
                    "predefined_scaling_metric_specification": [
                      {
                        "predefined_scaling_metric_type": "ASGAverageCPUUtilization",
                        "resource_label": ""
                      }
                    ],
                    "scale_in_cooldown": 0,
                    "scale_out_cooldown": 0,
                    "target_value": 10
                  }
                ]
              }
            ],
            "scaling_plan_version": 1
          },
          "sensitive_attributes": [],
          "private": "bnVsbA==",
          "dependencies": [
            "aws_autoscaling_group.auto_scaling",
            "aws_launch_configuration.LC",
            "data.aws_ami.ubuntu"
          ]
        }
      ]
    },
    {
      "mode": "managed",
      "type": "aws_launch_configuration",
      "name": "LC",
      "provider": "provider[\"registry.terraform.io/hashicorp/aws\"]",
      "instances": [
        {
          "schema_version": 0,
          "attributes": {
            "arn": "arn:aws:autoscaling:ap-south-1:033746436249:launchConfiguration:6b1b83b8-4d98-4769-b441-d0a140f2a3eb:launchConfigurationName/LC20220601091511401000000001",
            "associate_public_ip_address": true,
            "ebs_block_device": [],
            "ebs_optimized": false,
            "enable_monitoring": true,
            "ephemeral_block_device": [],
            "iam_instance_profile": "",
            "id": "LC20220601091511401000000001",
            "image_id": "ami-0ce2988e9a17c2a39",
            "instance_type": "t2.micro",
            "key_name": "",
            "metadata_options": [],
            "name": "LC20220601091511401000000001",
            "name_prefix": "LC",
            "placement_tenancy": null,
            "root_block_device": [],
            "security_groups": [],
            "spot_price": "",
            "user_data": "db7c57adb26f8f0057e510eea49ec81b6779ec99",
            "user_data_base64": null,
            "vpc_classic_link_id": "",
            "vpc_classic_link_security_groups": []
          },
          "sensitive_attributes": [],
          "private": "bnVsbA==",
          "dependencies": [
            "data.aws_ami.ubuntu"
          ],
          "create_before_destroy": true
        }
      ]
    }
  ]
}
